
Microsoft Visual Studio Solution File, Format Version 12.00
# Visual Studio Version 16
VisualStudioVersion = 16.0.31019.35
MinimumVisualStudioVersion = 10.0.40219.1
Project("{FAE04EC0-301F-11D3-BF4B-00C04F79EFBC}") = "detyra9", "detyra9.csproj", "{861B5055-1763-4E6F-895F-B097169A2060}"
EndProject
Global
	GlobalSection(SolutionConfigurationPlatforms) = preSolution
		Debug|Any CPU = Debug|Any CPU
		Release|Any CPU = Release|Any CPU
	EndGlobalSection
	GlobalSection(ProjectConfigurationPlatforms) = postSolution
		{861B5055-1763-4E6F-895F-B097169A2060}.Debug|Any CPU.ActiveCfg = Debug|Any CPU
		{861B5055-1763-4E6F-895F-B097169A2060}.Debug|Any CPU.Build.0 = Debug|Any CPU
		{861B5055-1763-4E6F-895F-B097169A2060}.Release|Any CPU.ActiveCfg = Release|Any CPU
		{861B5055-1763-4E6F-895F-B097169A2060}.Release|Any CPU.Build.0 = Release|Any CPU
	EndGlobalSection
	GlobalSection(SolutionProperties) = preSolution
		HideSolutionNode = FALSE
	EndGlobalSection
	GlobalSection(ExtensibilityGlobals) = postSolution
		SolutionGuid = {F0D47195-B7D2-45EF-881E-150A288B0076}
	EndGlobalSection
EndGlobal
